
Microsoft Visual Studio Solution File, Format Version 12.00
# Visual Studio Version 16
VisualStudioVersion = 25.0.1706.0
MinimumVisualStudioVersion = 10.0.40219.1
Project("{FAE04EC0-301F-11D3-BF4B-00C04F79EFBC}") = "snake", "snake\snake.csproj", "{D2C9C234-D227-440E-B0FB-BFADB1E98069}"
EndProject
Global
	GlobalSection(SolutionConfigurationPlatforms) = preSolution
		Debug|Any CPU = Debug|Any CPU
		Release|Any CPU = Release|Any CPU
	EndGlobalSection
	GlobalSection(ProjectConfigurationPlatforms) = postSolution
		{D2C9C234-D227-440E-B0FB-BFADB1E98069}.Debug|Any CPU.ActiveCfg = Debug|Any CPU
		{D2C9C234-D227-440E-B0FB-BFADB1E98069}.Debug|Any CPU.Build.0 = Debug|Any CPU
		{D2C9C234-D227-440E-B0FB-BFADB1E98069}.Release|Any CPU.ActiveCfg = Release|Any CPU
		{D2C9C234-D227-440E-B0FB-BFADB1E98069}.Release|Any CPU.Build.0 = Release|Any CPU
	EndGlobalSection
	GlobalSection(SolutionProperties) = preSolution
		HideSolutionNode = FALSE
	EndGlobalSection
	GlobalSection(ExtensibilityGlobals) = postSolution
		SolutionGuid = {A4884BAC-D457-4CE6-AFF4-0F08CC55A470}
	EndGlobalSection
EndGlobal
